
Microsoft Visual Studio Solution File, Format Version 12.00
Project("{2150E333-8FDC-42A3-9474-1A3956D46DE8}") = "src", "src", "{684A8BF2-56D8-4415-964D-05786D037DB3}"
EndProject
Project("{2150E333-8FDC-42A3-9474-1A3956D46DE8}") = "Core", "Core", "{066B6D90-284C-4A09-ABA2-FB2C6EDD1D61}"
EndProject
Project("{FAE04EC0-301F-11D3-BF4B-00C04F79EFBC}") = "ProoductApp.Domain", "src\Core\ProoductApp.Domain\ProoductApp.Domain.csproj", "{1540FAC6-0AC5-4FBB-B422-DC9A65C201E6}"
EndProject
Project("{FAE04EC0-301F-11D3-BF4B-00C04F79EFBC}") = "ProductApp.Application", "src\Core\ProductApp.Application\ProductApp.Application.csproj", "{EAE7FCC2-AA49-4B93-A63E-A4D99B7C9B34}"
EndProject
Project("{2150E333-8FDC-42A3-9474-1A3956D46DE8}") = "Infrastructure", "Infrastructure", "{1066BDB7-5D9C-42F8-AFE0-8E94CD31781E}"
EndProject
Project("{FAE04EC0-301F-11D3-BF4B-00C04F79EFBC}") = "ProductApp.Persistence", "src\Infrastructure\ProductApp.Persistence\ProductApp.Persistence.csproj", "{D808BCDB-B38E-4FF5-8176-DC4E4B947ECA}"
EndProject
Project("{2150E333-8FDC-42A3-9474-1A3956D46DE8}") = "WebApi", "WebApi", "{6EF3467B-D736-4B98-8335-5B551FF947B2}"
EndProject
Project("{FAE04EC0-301F-11D3-BF4B-00C04F79EFBC}") = "ProductApp.WebApi", "src\WebApi\ProductApp.WebApi\ProductApp.WebApi.csproj", "{9C252359-078D-4006-B097-D985C524E792}"
EndProject
Global
	GlobalSection(SolutionConfigurationPlatforms) = preSolution
		Debug|Any CPU = Debug|Any CPU
		Release|Any CPU = Release|Any CPU
	EndGlobalSection
	GlobalSection(NestedProjects) = preSolution
		{066B6D90-284C-4A09-ABA2-FB2C6EDD1D61} = {684A8BF2-56D8-4415-964D-05786D037DB3}
		{1540FAC6-0AC5-4FBB-B422-DC9A65C201E6} = {066B6D90-284C-4A09-ABA2-FB2C6EDD1D61}
		{EAE7FCC2-AA49-4B93-A63E-A4D99B7C9B34} = {066B6D90-284C-4A09-ABA2-FB2C6EDD1D61}
		{1066BDB7-5D9C-42F8-AFE0-8E94CD31781E} = {684A8BF2-56D8-4415-964D-05786D037DB3}
		{D808BCDB-B38E-4FF5-8176-DC4E4B947ECA} = {1066BDB7-5D9C-42F8-AFE0-8E94CD31781E}
		{6EF3467B-D736-4B98-8335-5B551FF947B2} = {684A8BF2-56D8-4415-964D-05786D037DB3}
		{9C252359-078D-4006-B097-D985C524E792} = {6EF3467B-D736-4B98-8335-5B551FF947B2}
	EndGlobalSection
	GlobalSection(ProjectConfigurationPlatforms) = postSolution
		{1540FAC6-0AC5-4FBB-B422-DC9A65C201E6}.Debug|Any CPU.ActiveCfg = Debug|Any CPU
		{1540FAC6-0AC5-4FBB-B422-DC9A65C201E6}.Debug|Any CPU.Build.0 = Debug|Any CPU
		{1540FAC6-0AC5-4FBB-B422-DC9A65C201E6}.Release|Any CPU.ActiveCfg = Release|Any CPU
		{1540FAC6-0AC5-4FBB-B422-DC9A65C201E6}.Release|Any CPU.Build.0 = Release|Any CPU
		{EAE7FCC2-AA49-4B93-A63E-A4D99B7C9B34}.Debug|Any CPU.ActiveCfg = Debug|Any CPU
		{EAE7FCC2-AA49-4B93-A63E-A4D99B7C9B34}.Debug|Any CPU.Build.0 = Debug|Any CPU
		{EAE7FCC2-AA49-4B93-A63E-A4D99B7C9B34}.Release|Any CPU.ActiveCfg = Release|Any CPU
		{EAE7FCC2-AA49-4B93-A63E-A4D99B7C9B34}.Release|Any CPU.Build.0 = Release|Any CPU
		{D808BCDB-B38E-4FF5-8176-DC4E4B947ECA}.Debug|Any CPU.ActiveCfg = Debug|Any CPU
		{D808BCDB-B38E-4FF5-8176-DC4E4B947ECA}.Debug|Any CPU.Build.0 = Debug|Any CPU
		{D808BCDB-B38E-4FF5-8176-DC4E4B947ECA}.Release|Any CPU.ActiveCfg = Release|Any CPU
		{D808BCDB-B38E-4FF5-8176-DC4E4B947ECA}.Release|Any CPU.Build.0 = Release|Any CPU
		{9C252359-078D-4006-B097-D985C524E792}.Debug|Any CPU.ActiveCfg = Debug|Any CPU
		{9C252359-078D-4006-B097-D985C524E792}.Debug|Any CPU.Build.0 = Debug|Any CPU
		{9C252359-078D-4006-B097-D985C524E792}.Release|Any CPU.ActiveCfg = Release|Any CPU
		{9C252359-078D-4006-B097-D985C524E792}.Release|Any CPU.Build.0 = Release|Any CPU
	EndGlobalSection
EndGlobal
